
Microsoft Visual Studio Solution File, Format Version 12.00
# Visual Studio Version 16
VisualStudioVersion = 16.0.30114.105
MinimumVisualStudioVersion = 10.0.40219.1
Project("{FAE04EC0-301F-11D3-BF4B-00C04F79EFBC}") = "Dictionary214", "Dictionary214\Dictionary214.csproj", "{EAA65F99-C9CC-422F-8C0F-D8E4F37A7474}"
EndProject
Global
	GlobalSection(SolutionConfigurationPlatforms) = preSolution
		Debug|Any CPU = Debug|Any CPU
		Release|Any CPU = Release|Any CPU
	EndGlobalSection
	GlobalSection(ProjectConfigurationPlatforms) = postSolution
		{EAA65F99-C9CC-422F-8C0F-D8E4F37A7474}.Debug|Any CPU.ActiveCfg = Debug|Any CPU
		{EAA65F99-C9CC-422F-8C0F-D8E4F37A7474}.Debug|Any CPU.Build.0 = Debug|Any CPU
		{EAA65F99-C9CC-422F-8C0F-D8E4F37A7474}.Release|Any CPU.ActiveCfg = Release|Any CPU
		{EAA65F99-C9CC-422F-8C0F-D8E4F37A7474}.Release|Any CPU.Build.0 = Release|Any CPU
	EndGlobalSection
	GlobalSection(SolutionProperties) = preSolution
		HideSolutionNode = FALSE
	EndGlobalSection
	GlobalSection(ExtensibilityGlobals) = postSolution
		SolutionGuid = {7F695670-300B-4308-8E93-E9268D3FB249}
	EndGlobalSection
EndGlobal
