
Microsoft Visual Studio Solution File, Format Version 12.00
# Visual Studio Version 16
VisualStudioVersion = 16.0.30114.105
MinimumVisualStudioVersion = 10.0.40219.1
Project("{FAE04EC0-301F-11D3-BF4B-00C04F79EFBC}") = "UseInterface", "UseInterface\UseInterface.csproj", "{B937A0C1-7D7D-48E5-8F5F-FA50B2B5C192}"
EndProject
Global
	GlobalSection(SolutionConfigurationPlatforms) = preSolution
		Debug|Any CPU = Debug|Any CPU
		Release|Any CPU = Release|Any CPU
	EndGlobalSection
	GlobalSection(ProjectConfigurationPlatforms) = postSolution
		{B937A0C1-7D7D-48E5-8F5F-FA50B2B5C192}.Debug|Any CPU.ActiveCfg = Debug|Any CPU
		{B937A0C1-7D7D-48E5-8F5F-FA50B2B5C192}.Debug|Any CPU.Build.0 = Debug|Any CPU
		{B937A0C1-7D7D-48E5-8F5F-FA50B2B5C192}.Release|Any CPU.ActiveCfg = Release|Any CPU
		{B937A0C1-7D7D-48E5-8F5F-FA50B2B5C192}.Release|Any CPU.Build.0 = Release|Any CPU
	EndGlobalSection
	GlobalSection(SolutionProperties) = preSolution
		HideSolutionNode = FALSE
	EndGlobalSection
	GlobalSection(ExtensibilityGlobals) = postSolution
		SolutionGuid = {CD361565-E7A1-4410-A6DD-CAEE64933157}
	EndGlobalSection
EndGlobal
